
Microsoft Visual Studio Solution File, Format Version 12.00
# Visual Studio 14
VisualStudioVersion = 14.0.25420.1
MinimumVisualStudioVersion = 10.0.40219.1
Project("{FAE04EC0-301F-11D3-BF4B-00C04F79EFBC}") = "FirstTest", "FirstTest\FirstTest.csproj", "{CFA406D6-D193-4BB2-A8DF-D23A6D83C431}"
EndProject
Global
	GlobalSection(SolutionConfigurationPlatforms) = preSolution
		Debug|Any CPU = Debug|Any CPU
		Release|Any CPU = Release|Any CPU
	EndGlobalSection
	GlobalSection(ProjectConfigurationPlatforms) = postSolution
		{CFA406D6-D193-4BB2-A8DF-D23A6D83C431}.Debug|Any CPU.ActiveCfg = Debug|Any CPU
		{CFA406D6-D193-4BB2-A8DF-D23A6D83C431}.Debug|Any CPU.Build.0 = Debug|Any CPU
		{CFA406D6-D193-4BB2-A8DF-D23A6D83C431}.Release|Any CPU.ActiveCfg = Release|Any CPU
		{CFA406D6-D193-4BB2-A8DF-D23A6D83C431}.Release|Any CPU.Build.0 = Release|Any CPU
	EndGlobalSection
	GlobalSection(SolutionProperties) = preSolution
		HideSolutionNode = FALSE
	EndGlobalSection
EndGlobal
